
Microsoft Visual Studio Solution File, Format Version 12.00
# Visual Studio Version 16
VisualStudioVersion = 16.0.30320.27
MinimumVisualStudioVersion = 10.0.40219.1
Project("{FAE04EC0-301F-11D3-BF4B-00C04F79EFBC}") = "HeresyBuilder", "HeresyBuilder\HeresyBuilder.csproj", "{52338DFA-AEC3-454C-B930-AB290CF3D95F}"
EndProject
Global
	GlobalSection(SolutionConfigurationPlatforms) = preSolution
		Debug|Any CPU = Debug|Any CPU
		Release|Any CPU = Release|Any CPU
	EndGlobalSection
	GlobalSection(ProjectConfigurationPlatforms) = postSolution
		{52338DFA-AEC3-454C-B930-AB290CF3D95F}.Debug|Any CPU.ActiveCfg = Debug|Any CPU
		{52338DFA-AEC3-454C-B930-AB290CF3D95F}.Debug|Any CPU.Build.0 = Debug|Any CPU
		{52338DFA-AEC3-454C-B930-AB290CF3D95F}.Release|Any CPU.ActiveCfg = Release|Any CPU
		{52338DFA-AEC3-454C-B930-AB290CF3D95F}.Release|Any CPU.Build.0 = Release|Any CPU
	EndGlobalSection
	GlobalSection(SolutionProperties) = preSolution
		HideSolutionNode = FALSE
	EndGlobalSection
	GlobalSection(ExtensibilityGlobals) = postSolution
		SolutionGuid = {F9148528-EB4F-4EDE-AF55-C000EA1DFA78}
	EndGlobalSection
EndGlobal
